
Microsoft Visual Studio Solution File, Format Version 12.00
# Visual Studio 14
VisualStudioVersion = 14.0.25420.1
MinimumVisualStudioVersion = 10.0.40219.1
Project("{8BC9CEB8-8B4A-11D0-8D11-00A0C91BC942}") = "week5_hw_1a", "week5_hw_1a\week5_hw_1a.vcxproj", "{EB62C38E-8E24-4C2F-B650-AF5A4E792283}"
EndProject
Project("{8BC9CEB8-8B4A-11D0-8D11-00A0C91BC942}") = "week5_hw_1d", "week5_hw_1d\week5_hw_1d.vcxproj", "{E7B0B734-00EF-447F-9A38-9A7879CE184F}"
EndProject
Project("{8BC9CEB8-8B4A-11D0-8D11-00A0C91BC942}") = "week5_hw_1c", "week5_hw_1c\week5_hw_1c.vcxproj", "{ECC31B0D-7947-4249-AFAF-1B97282CB6F5}"
EndProject
Project("{8BC9CEB8-8B4A-11D0-8D11-00A0C91BC942}") = "week5_hw_1e", "week5_hw_1e\week5_hw_1e.vcxproj", "{E14A0E0F-E912-48EA-B3D9-5FE63231AC7E}"
EndProject
Project("{8BC9CEB8-8B4A-11D0-8D11-00A0C91BC942}") = "week5_hw_1b", "week5_hw_1b\week5_hw_1b.vcxproj", "{F3340116-23C7-422F-B27A-0F2AB465AAEC}"
EndProject
Project("{8BC9CEB8-8B4A-11D0-8D11-00A0C91BC942}") = "ass2c", "ass2c\ass2c.vcxproj", "{894A646C-8AA1-49A6-99FB-15B2BFC7F6B7}"
EndProject
Project("{8BC9CEB8-8B4A-11D0-8D11-00A0C91BC942}") = "ass2a-1", "ass2a-1\ass2a-1.vcxproj", "{C2C34708-17B3-4E4C-8E0A-7664E7260F2C}"
EndProject
Project("{8BC9CEB8-8B4A-11D0-8D11-00A0C91BC942}") = "ass2a-2", "ass2a-2\ass2a-2.vcxproj", "{BC1F4708-F1B4-4ED8-A604-63A8009D500E}"
EndProject
Project("{8BC9CEB8-8B4A-11D0-8D11-00A0C91BC942}") = "ass2b", "ass2b\ass2b.vcxproj", "{3A41CA12-6732-4C5F-896C-3990A4D22313}"
EndProject
Project("{8BC9CEB8-8B4A-11D0-8D11-00A0C91BC942}") = "mid3", "mid3\mid3.vcxproj", "{E0CD33A3-4068-4D7A-BD35-2AA30871819F}"
EndProject
Project("{8BC9CEB8-8B4A-11D0-8D11-00A0C91BC942}") = "mid4", "mid4\mid4.vcxproj", "{7BBFF46A-7F87-484B-8F28-F7C61A799864}"
EndProject
Project("{8BC9CEB8-8B4A-11D0-8D11-00A0C91BC942}") = "mid5", "mid5\mid5.vcxproj", "{7EB797F9-2E2C-468F-B2C0-4BB49F694430}"
EndProject
Project("{8BC9CEB8-8B4A-11D0-8D11-00A0C91BC942}") = "mid6", "mid6\mid6.vcxproj", "{A4DCC9E6-1B6C-4A29-BB3F-42AF4763D235}"
EndProject
Project("{8BC9CEB8-8B4A-11D0-8D11-00A0C91BC942}") = "mid7", "mid7\mid7.vcxproj", "{23864019-5D8D-4BDA-970C-87848F61AFA4}"
EndProject
Global
	GlobalSection(SolutionConfigurationPlatforms) = preSolution
		Debug|x64 = Debug|x64
		Debug|x86 = Debug|x86
		Release|x64 = Release|x64
		Release|x86 = Release|x86
	EndGlobalSection
	GlobalSection(ProjectConfigurationPlatforms) = postSolution
		{EB62C38E-8E24-4C2F-B650-AF5A4E792283}.Debug|x64.ActiveCfg = Debug|x64
		{EB62C38E-8E24-4C2F-B650-AF5A4E792283}.Debug|x64.Build.0 = Debug|x64
		{EB62C38E-8E24-4C2F-B650-AF5A4E792283}.Debug|x86.ActiveCfg = Debug|Win32
		{EB62C38E-8E24-4C2F-B650-AF5A4E792283}.Debug|x86.Build.0 = Debug|Win32
		{EB62C38E-8E24-4C2F-B650-AF5A4E792283}.Release|x64.ActiveCfg = Release|x64
		{EB62C38E-8E24-4C2F-B650-AF5A4E792283}.Release|x64.Build.0 = Release|x64
		{EB62C38E-8E24-4C2F-B650-AF5A4E792283}.Release|x86.ActiveCfg = Release|Win32
		{EB62C38E-8E24-4C2F-B650-AF5A4E792283}.Release|x86.Build.0 = Release|Win32
		{E7B0B734-00EF-447F-9A38-9A7879CE184F}.Debug|x64.ActiveCfg = Debug|x64
		{E7B0B734-00EF-447F-9A38-9A7879CE184F}.Debug|x64.Build.0 = Debug|x64
		{E7B0B734-00EF-447F-9A38-9A7879CE184F}.Debug|x86.ActiveCfg = Debug|Win32
		{E7B0B734-00EF-447F-9A38-9A7879CE184F}.Debug|x86.Build.0 = Debug|Win32
		{E7B0B734-00EF-447F-9A38-9A7879CE184F}.Release|x64.ActiveCfg = Release|x64
		{E7B0B734-00EF-447F-9A38-9A7879CE184F}.Release|x64.Build.0 = Release|x64
		{E7B0B734-00EF-447F-9A38-9A7879CE184F}.Release|x86.ActiveCfg = Release|Win32
		{E7B0B734-00EF-447F-9A38-9A7879CE184F}.Release|x86.Build.0 = Release|Win32
		{ECC31B0D-7947-4249-AFAF-1B97282CB6F5}.Debug|x64.ActiveCfg = Debug|x64
		{ECC31B0D-7947-4249-AFAF-1B97282CB6F5}.Debug|x64.Build.0 = Debug|x64
		{ECC31B0D-7947-4249-AFAF-1B97282CB6F5}.Debug|x86.ActiveCfg = Debug|Win32
		{ECC31B0D-7947-4249-AFAF-1B97282CB6F5}.Debug|x86.Build.0 = Debug|Win32
		{ECC31B0D-7947-4249-AFAF-1B97282CB6F5}.Release|x64.ActiveCfg = Release|x64
		{ECC31B0D-7947-4249-AFAF-1B97282CB6F5}.Release|x64.Build.0 = Release|x64
		{ECC31B0D-7947-4249-AFAF-1B97282CB6F5}.Release|x86.ActiveCfg = Release|Win32
		{ECC31B0D-7947-4249-AFAF-1B97282CB6F5}.Release|x86.Build.0 = Release|Win32
		{E14A0E0F-E912-48EA-B3D9-5FE63231AC7E}.Debug|x64.ActiveCfg = Debug|x64
		{E14A0E0F-E912-48EA-B3D9-5FE63231AC7E}.Debug|x64.Build.0 = Debug|x64
		{E14A0E0F-E912-48EA-B3D9-5FE63231AC7E}.Debug|x86.ActiveCfg = Debug|Win32
		{E14A0E0F-E912-48EA-B3D9-5FE63231AC7E}.Debug|x86.Build.0 = Debug|Win32
		{E14A0E0F-E912-48EA-B3D9-5FE63231AC7E}.Release|x64.ActiveCfg = Release|x64
		{E14A0E0F-E912-48EA-B3D9-5FE63231AC7E}.Release|x64.Build.0 = Release|x64
		{E14A0E0F-E912-48EA-B3D9-5FE63231AC7E}.Release|x86.ActiveCfg = Release|Win32
		{E14A0E0F-E912-48EA-B3D9-5FE63231AC7E}.Release|x86.Build.0 = Release|Win32
		{F3340116-23C7-422F-B27A-0F2AB465AAEC}.Debug|x64.ActiveCfg = Debug|x64
		{F3340116-23C7-422F-B27A-0F2AB465AAEC}.Debug|x64.Build.0 = Debug|x64
		{F3340116-23C7-422F-B27A-0F2AB465AAEC}.Debug|x86.ActiveCfg = Debug|Win32
		{F3340116-23C7-422F-B27A-0F2AB465AAEC}.Debug|x86.Build.0 = Debug|Win32
		{F3340116-23C7-422F-B27A-0F2AB465AAEC}.Release|x64.ActiveCfg = Release|x64
		{F3340116-23C7-422F-B27A-0F2AB465AAEC}.Release|x64.Build.0 = Release|x64
		{F3340116-23C7-422F-B27A-0F2AB465AAEC}.Release|x86.ActiveCfg = Release|Win32
		{F3340116-23C7-422F-B27A-0F2AB465AAEC}.Release|x86.Build.0 = Release|Win32
		{894A646C-8AA1-49A6-99FB-15B2BFC7F6B7}.Debug|x64.ActiveCfg = Debug|x64
		{894A646C-8AA1-49A6-99FB-15B2BFC7F6B7}.Debug|x64.Build.0 = Debug|x64
		{894A646C-8AA1-49A6-99FB-15B2BFC7F6B7}.Debug|x86.ActiveCfg = Debug|Win32
		{894A646C-8AA1-49A6-99FB-15B2BFC7F6B7}.Debug|x86.Build.0 = Debug|Win32
		{894A646C-8AA1-49A6-99FB-15B2BFC7F6B7}.Release|x64.ActiveCfg = Release|x64
		{894A646C-8AA1-49A6-99FB-15B2BFC7F6B7}.Release|x64.Build.0 = Release|x64
		{894A646C-8AA1-49A6-99FB-15B2BFC7F6B7}.Release|x86.ActiveCfg = Release|Win32
		{894A646C-8AA1-49A6-99FB-15B2BFC7F6B7}.Release|x86.Build.0 = Release|Win32
		{C2C34708-17B3-4E4C-8E0A-7664E7260F2C}.Debug|x64.ActiveCfg = Debug|x64
		{C2C34708-17B3-4E4C-8E0A-7664E7260F2C}.Debug|x64.Build.0 = Debug|x64
		{C2C34708-17B3-4E4C-8E0A-7664E7260F2C}.Debug|x86.ActiveCfg = Debug|Win32
		{C2C34708-17B3-4E4C-8E0A-7664E7260F2C}.Debug|x86.Build.0 = Debug|Win32
		{C2C34708-17B3-4E4C-8E0A-7664E7260F2C}.Release|x64.ActiveCfg = Release|x64
		{C2C34708-17B3-4E4C-8E0A-7664E7260F2C}.Release|x64.Build.0 = Release|x64
		{C2C34708-17B3-4E4C-8E0A-7664E7260F2C}.Release|x86.ActiveCfg = Release|Win32
		{C2C34708-17B3-4E4C-8E0A-7664E7260F2C}.Release|x86.Build.0 = Release|Win32
		{BC1F4708-F1B4-4ED8-A604-63A8009D500E}.Debug|x64.ActiveCfg = Debug|x64
		{BC1F4708-F1B4-4ED8-A604-63A8009D500E}.Debug|x64.Build.0 = Debug|x64
		{BC1F4708-F1B4-4ED8-A604-63A8009D500E}.Debug|x86.ActiveCfg = Debug|Win32
		{BC1F4708-F1B4-4ED8-A604-63A8009D500E}.Debug|x86.Build.0 = Debug|Win32
		{BC1F4708-F1B4-4ED8-A604-63A8009D500E}.Release|x64.ActiveCfg = Release|x64
		{BC1F4708-F1B4-4ED8-A604-63A8009D500E}.Release|x64.Build.0 = Release|x64
		{BC1F4708-F1B4-4ED8-A604-63A8009D500E}.Release|x86.ActiveCfg = Release|Win32
		{BC1F4708-F1B4-4ED8-A604-63A8009D500E}.Release|x86.Build.0 = Release|Win32
		{3A41CA12-6732-4C5F-896C-3990A4D22313}.Debug|x64.ActiveCfg = Debug|x64
		{3A41CA12-6732-4C5F-896C-3990A4D22313}.Debug|x64.Build.0 = Debug|x64
		{3A41CA12-6732-4C5F-896C-3990A4D22313}.Debug|x86.ActiveCfg = Debug|Win32
		{3A41CA12-6732-4C5F-896C-3990A4D22313}.Debug|x86.Build.0 = Debug|Win32
		{3A41CA12-6732-4C5F-896C-3990A4D22313}.Release|x64.ActiveCfg = Release|x64
		{3A41CA12-6732-4C5F-896C-3990A4D22313}.Release|x64.Build.0 = Release|x64
		{3A41CA12-6732-4C5F-896C-3990A4D22313}.Release|x86.ActiveCfg = Release|Win32
		{3A41CA12-6732-4C5F-896C-3990A4D22313}.Release|x86.Build.0 = Release|Win32
		{E0CD33A3-4068-4D7A-BD35-2AA30871819F}.Debug|x64.ActiveCfg = Debug|x64
		{E0CD33A3-4068-4D7A-BD35-2AA30871819F}.Debug|x64.Build.0 = Debug|x64
		{E0CD33A3-4068-4D7A-BD35-2AA30871819F}.Debug|x86.ActiveCfg = Debug|Win32
		{E0CD33A3-4068-4D7A-BD35-2AA30871819F}.Debug|x86.Build.0 = Debug|Win32
		{E0CD33A3-4068-4D7A-BD35-2AA30871819F}.Release|x64.ActiveCfg = Release|x64
		{E0CD33A3-4068-4D7A-BD35-2AA30871819F}.Release|x64.Build.0 = Release|x64
		{E0CD33A3-4068-4D7A-BD35-2AA30871819F}.Release|x86.ActiveCfg = Release|Win32
		{E0CD33A3-4068-4D7A-BD35-2AA30871819F}.Release|x86.Build.0 = Release|Win32
		{7BBFF46A-7F87-484B-8F28-F7C61A799864}.Debug|x64.ActiveCfg = Debug|x64
		{7BBFF46A-7F87-484B-8F28-F7C61A799864}.Debug|x64.Build.0 = Debug|x64
		{7BBFF46A-7F87-484B-8F28-F7C61A799864}.Debug|x86.ActiveCfg = Debug|Win32
		{7BBFF46A-7F87-484B-8F28-F7C61A799864}.Debug|x86.Build.0 = Debug|Win32
		{7BBFF46A-7F87-484B-8F28-F7C61A799864}.Release|x64.ActiveCfg = Release|x64
		{7BBFF46A-7F87-484B-8F28-F7C61A799864}.Release|x64.Build.0 = Release|x64
		{7BBFF46A-7F87-484B-8F28-F7C61A799864}.Release|x86.ActiveCfg = Release|Win32
		{7BBFF46A-7F87-484B-8F28-F7C61A799864}.Release|x86.Build.0 = Release|Win32
		{7EB797F9-2E2C-468F-B2C0-4BB49F694430}.Debug|x64.ActiveCfg = Debug|x64
		{7EB797F9-2E2C-468F-B2C0-4BB49F694430}.Debug|x64.Build.0 = Debug|x64
		{7EB797F9-2E2C-468F-B2C0-4BB49F694430}.Debug|x86.ActiveCfg = Debug|Win32
		{7EB797F9-2E2C-468F-B2C0-4BB49F694430}.Debug|x86.Build.0 = Debug|Win32
		{7EB797F9-2E2C-468F-B2C0-4BB49F694430}.Release|x64.ActiveCfg = Release|x64
		{7EB797F9-2E2C-468F-B2C0-4BB49F694430}.Release|x64.Build.0 = Release|x64
		{7EB797F9-2E2C-468F-B2C0-4BB49F694430}.Release|x86.ActiveCfg = Release|Win32
		{7EB797F9-2E2C-468F-B2C0-4BB49F694430}.Release|x86.Build.0 = Release|Win32
		{A4DCC9E6-1B6C-4A29-BB3F-42AF4763D235}.Debug|x64.ActiveCfg = Debug|x64
		{A4DCC9E6-1B6C-4A29-BB3F-42AF4763D235}.Debug|x64.Build.0 = Debug|x64
		{A4DCC9E6-1B6C-4A29-BB3F-42AF4763D235}.Debug|x86.ActiveCfg = Debug|Win32
		{A4DCC9E6-1B6C-4A29-BB3F-42AF4763D235}.Debug|x86.Build.0 = Debug|Win32
		{A4DCC9E6-1B6C-4A29-BB3F-42AF4763D235}.Release|x64.ActiveCfg = Release|x64
		{A4DCC9E6-1B6C-4A29-BB3F-42AF4763D235}.Release|x64.Build.0 = Release|x64
		{A4DCC9E6-1B6C-4A29-BB3F-42AF4763D235}.Release|x86.ActiveCfg = Release|Win32
		{A4DCC9E6-1B6C-4A29-BB3F-42AF4763D235}.Release|x86.Build.0 = Release|Win32
		{23864019-5D8D-4BDA-970C-87848F61AFA4}.Debug|x64.ActiveCfg = Debug|x64
		{23864019-5D8D-4BDA-970C-87848F61AFA4}.Debug|x64.Build.0 = Debug|x64
		{23864019-5D8D-4BDA-970C-87848F61AFA4}.Debug|x86.ActiveCfg = Debug|Win32
		{23864019-5D8D-4BDA-970C-87848F61AFA4}.Debug|x86.Build.0 = Debug|Win32
		{23864019-5D8D-4BDA-970C-87848F61AFA4}.Release|x64.ActiveCfg = Release|x64
		{23864019-5D8D-4BDA-970C-87848F61AFA4}.Release|x64.Build.0 = Release|x64
		{23864019-5D8D-4BDA-970C-87848F61AFA4}.Release|x86.ActiveCfg = Release|Win32
		{23864019-5D8D-4BDA-970C-87848F61AFA4}.Release|x86.Build.0 = Release|Win32
	EndGlobalSection
	GlobalSection(SolutionProperties) = preSolution
		HideSolutionNode = FALSE
	EndGlobalSection
EndGlobal
